
Microsoft Visual Studio Solution File, Format Version 12.00
# Visual Studio Version 17
VisualStudioVersion = 17.12.35527.113 d17.12
MinimumVisualStudioVersion = 10.0.40219.1
Project("{FAE04EC0-301F-11D3-BF4B-00C04F79EFBC}") = "Tutorial-1", "Tutorial-1\Tutorial-1.csproj", "{FBF20C89-A1D1-43E3-AA9A-CFE9EE826FAA}"
EndProject
Global
	GlobalSection(SolutionConfigurationPlatforms) = preSolution
		Debug|Any CPU = Debug|Any CPU
		Release|Any CPU = Release|Any CPU
	EndGlobalSection
	GlobalSection(ProjectConfigurationPlatforms) = postSolution
		{FBF20C89-A1D1-43E3-AA9A-CFE9EE826FAA}.Debug|Any CPU.ActiveCfg = Debug|Any CPU
		{FBF20C89-A1D1-43E3-AA9A-CFE9EE826FAA}.Debug|Any CPU.Build.0 = Debug|Any CPU
		{FBF20C89-A1D1-43E3-AA9A-CFE9EE826FAA}.Release|Any CPU.ActiveCfg = Release|Any CPU
		{FBF20C89-A1D1-43E3-AA9A-CFE9EE826FAA}.Release|Any CPU.Build.0 = Release|Any CPU
	EndGlobalSection
	GlobalSection(SolutionProperties) = preSolution
		HideSolutionNode = FALSE
	EndGlobalSection
EndGlobal
